PODS:
  - bluedot_point_sdk (1.0.0):
    - BluedotPointSDK (= 15.6.4)
    - Flutter
  - BluedotPointSDK (15.6.4)
  - Flutter (1.0.0)

DEPENDENCIES:
  - bluedot_point_sdk (from `.symlinks/plugins/bluedot_point_sdk/ios`)
  - Flutter (from `Flutter`)

SPEC REPOS:
  trunk:
    - BluedotPointSDK

EXTERNAL SOURCES:
  bluedot_point_sdk:
    :path: ".symlinks/plugins/bluedot_point_sdk/ios"
  Flutter:
    :path: Flutter

SPEC CHECKSUMS:
  bluedot_point_sdk: ad40a4c743fd48c44b19daaeb71fcf68d5bf6d5b
  BluedotPointSDK: cfd2a0c60867f93c838099803db6d8a1dca6388b
  Flutter: f04841e97a9d0b0a8025694d0796dd46242b2854

PODFILE CHECKSUM: c4c93c5f6502fe2754f48404d3594bf779584011

COCOAPODS: 1.11.3
