PODS:
  - bluedot_point_sdk (1.0.0):
    - BluedotPointSDK (= 15.6.4)
    - Flutter
  - BluedotPointSDK (15.6.4)
  - Flutter (1.0.0)

DEPENDENCIES:
  - bluedot_point_sdk (from `.symlinks/plugins/bluedot_point_sdk/ios`)
  - Flutter (from `Flutter`)

SPEC REPOS:
  trunk:
    - BluedotPointSDK

EXTERNAL SOURCES:
  bluedot_point_sdk:
    :path: ".symlinks/plugins/bluedot_point_sdk/ios"
  Flutter:
    :path: Flutter

SPEC CHECKSUMS:
  bluedot_point_sdk: d29580c4789e54c46cb4be7acfe97812e4cceee7
  BluedotPointSDK: cfd2a0c60867f93c838099803db6d8a1dca6388b
  Flutter: 50d75fe2f02b26cc09d224853bb45737f8b3214a

PODFILE CHECKSUM: c4c93c5f6502fe2754f48404d3594bf779584011

COCOAPODS: 1.11.3
